// !$*UTF8*$!
{
	archiveVersion = 1;
	classes = {
	};
	objectVersion = 50;
	objects = {

/* Begin PBXBuildFile section */
		02F8A29C2461DAD900CE8682 /* AppDelegate.swift in Sources */ = {isa = PBXBuildFile; fileRef = 02F8A29B2461DAD900CE8682 /* AppDelegate.swift */; };
		02F8A29E2461DAD900CE8682 /* SceneDelegate.swift in Sources */ = {isa = PBXBuildFile; fileRef = 02F8A29D2461DAD900CE8682 /* SceneDelegate.swift */; };
		02F8A2A02461DAD900CE8682 /* ViewController.swift in Sources */ = {isa = PBXBuildFile; fileRef = 02F8A29F2461DAD900CE8682 /* ViewController.swift */; };
		02F8A2A32461DAD900CE8682 /* Main.storyboard in Resources */ = {isa = PBXBuildFile; fileRef = 02F8A2A12461DAD900CE8682 /* Main.storyboard */; };
		02F8A2A52461DADD00CE8682 /* Assets.xcassets in Resources */ = {isa = PBXBuildFile; fileRef = 02F8A2A42461DADD00CE8682 /* Assets.xcassets */; };
		02F8A2A82461DADD00CE8682 /* LaunchScreen.storyboard in Resources */ = {isa = PBXBuildFile; fileRef = 02F8A2A62461DADD00CE8682 /* LaunchScreen.storyboard */; };
		02F8A2B02461DDC500CE8682 /* TiltManager.swift in Sources */ = {isa = PBXBuildFile; fileRef = 02F8A2AF2461DDC500CE8682 /* TiltManager.swift */; };
/* End PBXBuildFile section */

/* Begin PBXFileReference section */
		02F8A2982461DAD900CE8682 /* tilt_measurement.app */ = {isa = PBXFileReference; explicitFileType = wrapper.application; includeInIndex = 0; path = tilt_measurement.app; sourceTree = BUILT_PRODUCTS_DIR; };
		02F8A29B2461DAD900CE8682 /* AppDelegate.swift */ = {isa = PBXFileReference; lastKnownFileType = sourcecode.swift; path = AppDelegate.swift; sourceTree = "<group>"; };
		02F8A29D2461DAD900CE8682 /* SceneDelegate.swift */ = {isa = PBXFileReference; lastKnownFileType = sourcecode.swift; path = SceneDelegate.swift; sourceTree = "<group>"; };
		02F8A29F2461DAD900CE8682 /* ViewController.swift */ = {isa = PBXFileReference; lastKnownFileType = sourcecode.swift; path = ViewController.swift; sourceTree = "<group>"; };
		02F8A2A22461DAD900CE8682 /* Base */ = {isa = PBXFileReference; lastKnownFileType = file.storyboard; name = Base; path = Base.lproj/Main.storyboard; sourceTree = "<group>"; };
		02F8A2A42461DADD00CE8682 /* Assets.xcassets */ = {isa = PBXFileReference; lastKnownFileType = folder.assetcatalog; path = Assets.xcassets; sourceTree = "<group>"; };
		02F8A2A72461DADD00CE8682 /* Base */ = {isa = PBXFileReference; lastKnownFileType = file.storyboard; name = Base; path = Base.lproj/LaunchScreen.storyboard; sourceTree = "<group>"; };
		02F8A2A92461DADD00CE8682 /* Info.plist */ = {isa = PBXFileReference; lastKnownFileType = text.plist.xml; path = Info.plist; sourceTree = "<group>"; };
		02F8A2AF2461DDC500CE8682 /* TiltManager.swift */ = {isa = PBXFileReference; lastKnownFileType = sourcecode.swift; path = TiltManager.swift; sourceTree = "<group>"; };
/* End PBXFileReference section */

/* Begin PBXFrameworksBuildPhase section */
		02F8A2952461DAD900CE8682 /* Frameworks */ = {
			isa = PBXFrameworksBuildPhase;
			buildActionMask = 2147483647;
			files = (
			);
			runOnlyForDeploymentPostprocessing = 0;
		};
/* End PBXFrameworksBuildPhase section */

/* Begin PBXGroup section */
		02F8A28F2461DAD900CE8682 = {
			isa = PBXGroup;
			children = (
				02F8A29A2461DAD900CE8682 /* tilt_measurement */,
				02F8A2992461DAD900CE8682 /* Products */,
			);
			sourceTree = "<group>";
		};
		02F8A2992461DAD900CE8682 /* Products */ = {
			isa = PBXGroup;
			children = (
				02F8A2982461DAD900CE8682 /* tilt_measurement.app */,
			);
			name = Products;
			sourceTree = "<group>";
		};
		02F8A29A2461DAD900CE8682 /* tilt_measurement */ = {
			isa = PBXGroup;
			children = (
				02F8A29B2461DAD900CE8682 /* AppDelegate.swift */,
				02F8A29D2461DAD900CE8682 /* SceneDelegate.swift */,
				02F8A29F2461DAD900CE8682 /* ViewController.swift */,
				02F8A2AF2461DDC500CE8682 /* TiltManager.swift */,
				02F8A2A12461DAD900CE8682 /* Main.storyboard */,
				02F8A2A42461DADD00CE8682 /* Assets.xcassets */,
				02F8A2A62461DADD00CE8682 /* LaunchScreen.storyboard */,
				02F8A2A92461DADD00CE8682 /* Info.plist */,
			);
			path = tilt_measurement;
			sourceTree = "<group>";
		};
/* End PBXGroup section */

/* Begin PBXNativeTarget section */
		02F8A2972461DAD900CE8682 /* tilt_measurement */ = {
			isa = PBXNativeTarget;
			buildConfigurationList = 02F8A2AC2461DADD00CE8682 /* Build configuration list for PBXNativeTarget "tilt_measurement" */;
			buildPhases = (
				02F8A2942461DAD900CE8682 /* Sources */,
				02F8A2952461DAD900CE8682 /* Frameworks */,
				02F8A2962461DAD900CE8682 /* Resources */,
			);
			buildRules = (
			);
			dependencies = (
			);
			name = tilt_measurement;
			productName = tilt_measurement;
			productReference = 02F8A2982461DAD900CE8682 /* tilt_measurement.app */;
			productType = "com.apple.product-type.application";
		};
/* End PBXNativeTarget section */

/* Begin PBXProject section */
		02F8A2902461DAD900CE8682 /* Project object */ = {
			isa = PBXProject;
			attributes = {
				LastSwiftUpdateCheck = 1140;
				LastUpgradeCheck = 1140;
				ORGANIZATIONNAME = LooseFuzz;
				TargetAttributes = {
					02F8A2972461DAD900CE8682 = {
						CreatedOnToolsVersion = 11.4.1;
					};
				};
			};
			buildConfigurationList = 02F8A2932461DAD900CE8682 /* Build configuration list for PBXProject "tilt_measurement" */;
			compatibilityVersion = "Xcode 9.3";
			developmentRegion = en;
			hasScannedForEncodings = 0;
			knownRegions = (
				en,
				Base,
			);
			mainGroup = 02F8A28F2461DAD900CE8682;
			productRefGroup = 02F8A2992461DAD900CE8682 /* Products */;
			projectDirPath = "";
			projectRoot = "";
			targets = (
				02F8A2972461DAD900CE8682 /* tilt_measurement */,
			);
		};
/* End PBXProject section */

/* Begin PBXResourcesBuildPhase section */
		02F8A2962461DAD900CE8682 /* Resources */ = {
			isa = PBXResourcesBuildPhase;
			buildActionMask = 2147483647;
			files = (
				02F8A2A82461DADD00CE8682 /* LaunchScreen.storyboard in Resources */,
				02F8A2A52461DADD00CE8682 /* Assets.xcassets in Resources */,
				02F8A2A32461DAD900CE8682 /* Main.storyboard in Resources */,
			);
			runOnlyForDeploymentPostprocessing = 0;
		};
/* End PBXResourcesBuildPhase section */

/* Begin PBXSourcesBuildPhase section */
		02F8A2942461DAD900CE8682 /* Sources */ = {
			isa = PBXSourcesBuildPhase;
			buildActionMask = 2147483647;
			files = (
				02F8A2B02461DDC500CE8682 /* TiltManager.swift in Sources */,
				02F8A2A02461DAD900CE8682 /* ViewController.swift in Sources */,
				02F8A29C2461DAD900CE8682 /* AppDelegate.swift in Sources */,
				02F8A29E2461DAD900CE8682 /* SceneDelegate.swift in Sources */,
			);
			runOnlyForDeploymentPostprocessing = 0;
		};
/* End PBXSourcesBuildPhase section */

/* Begin PBXVariantGroup section */
		02F8A2A12461DAD900CE8682 /* Main.storyboard */ = {
			isa = PBXVariantGroup;
			children = (
				02F8A2A22461DAD900CE8682 /* Base */,
			);
			name = Main.storyboard;
			sourceTree = "<group>";
		};
		02F8A2A62461DADD00CE8682 /* LaunchScreen.storyboard */ = {
			isa = PBXVariantGroup;
			children = (
				02F8A2A72461DADD00CE8682 /* Base */,
			);
			name = LaunchScreen.storyboard;
			sourceTree = "<group>";
		};
/* End PBXVariantGroup section */

/* Begin XCBuildConfiguration section */
		02F8A2AA2461DADD00CE8682 /* Debug */ = {
			isa = XCBuildConfiguration;
			buildSettings = {
				ALWAYS_SEARCH_USER_PATHS = NO;
				CLANG_ANALYZER_NONNULL = YES;
				CLANG_ANALYZER_NUMBER_OBJECT_CONVERSION = YES_AGGRESSIVE;
				CLANG_CXX_LANGUAGE_STANDARD = "gnu++14";
				CLANG_CXX_LIBRARY = "libc++";
				CLANG_ENABLE_MODULES = YES;
				CLANG_ENABLE_OBJC_ARC = YES;
				CLANG_ENABLE_OBJC_WEAK = YES;
				CLANG_WARN_BLOCK_CAPTURE_AUTORELEASING = YES;
				CLANG_WARN_BOOL_CONVERSION = YES;
				CLANG_WARN_COMMA = YES;
				CLANG_WARN_CONSTANT_CONVERSION = YES;
				CLANG_WARN_DEPRECATED_OBJC_IMPLEMENTATIONS = YES;
				CLANG_WARN_DIRECT_OBJC_ISA_USAGE = YES_ERROR;
				CLANG_WARN_DOCUMENTATION_COMMENTS = YES;
				CLANG_WARN_EMPTY_BODY = YES;
				CLANG_WARN_ENUM_CONVERSION = YES;
				CLANG_WARN_INFINITE_RECURSION = YES;
				CLANG_WARN_INT_CONVERSION = YES;
				CLANG_WARN_NON_LITERAL_NULL_CONVERSION = YES;
				CLANG_WARN_OBJC_IMPLICIT_RETAIN_SELF = YES;
				CLANG_WARN_OBJC_LITERAL_CONVERSION = YES;
				CLANG_WARN_OBJC_ROOT_CLASS = YES_ERROR;
				CLANG_WARN_RANGE_LOOP_ANALYSIS = YES;
				CLANG_WARN_STRICT_PROTOTYPES = YES;
				CLANG_WARN_SUSPICIOUS_MOVE = YES;
				CLANG_WARN_UNGUARDED_AVAILABILITY = YES_AGGRESSIVE;
				CLANG_WARN_UNREACHABLE_CODE = YES;
				CLANG_WARN__DUPLICATE_METHOD_MATCH = YES;
				COPY_PHASE_STRIP = NO;
				DEBUG_INFORMATION_FORMAT = dwarf;
				ENABLE_STRICT_OBJC_MSGSEND = YES;
				ENABLE_TESTABILITY = YES;
				GCC_C_LANGUAGE_STANDARD = gnu11;
				GCC_DYNAMIC_NO_PIC = NO;
				GCC_NO_COMMON_BLOCKS = YES;
				GCC_OPTIMIZATION_LEVEL = 0;
				GCC_PREPROCESSOR_DEFINITIONS = (
					"DEBUG=1",
					"$(inherited)",
				);
				GCC_WARN_64_TO_32_BIT_CONVERSION = YES;
				GCC_WARN_ABOUT_RETURN_TYPE = YES_ERROR;
				GCC_WARN_UNDECLARED_SELECTOR = YES;
				GCC_WARN_UNINITIALIZED_AUTOS = YES_AGGRESSIVE;
				GCC_WARN_UNUSED_FUNCTION = YES;
				GCC_WARN_UNUSED_VARIABLE = YES;
				IPHONEOS_DEPLOYMENT_TARGET = 13.4;
				MTL_ENABLE_DEBUG_INFO = INCLUDE_SOURCE;
				MTL_FAST_MATH = YES;
				ONLY_ACTIVE_ARCH = YES;
				SDKROOT = iphoneos;
				SWIFT_ACTIVE_COMPILATION_CONDITIONS = DEBUG;
				SWIFT_OPTIMIZATION_LEVEL = "-Onone";
			};
			name = Debug;
		};
		02F8A2AB2461DADD00CE8682 /* Release */ = {
			isa = XCBuildConfiguration;
			buildSettings = {
				ALWAYS_SEARCH_USER_PATHS = NO;
				CLANG_ANALYZER_NONNULL = YES;
				CLANG_ANALYZER_NUMBER_OBJECT_CONVERSION = YES_AGGRESSIVE;
				CLANG_CXX_LANGUAGE_STANDARD = "gnu++14";
				CLANG_CXX_LIBRARY = "libc++";
				CLANG_ENABLE_MODULES = YES;
				CLANG_ENABLE_OBJC_ARC = YES;
				CLANG_ENABLE_OBJC_WEAK = YES;
				CLANG_WARN_BLOCK_CAPTURE_AUTORELEASING = YES;
				CLANG_WARN_BOOL_CONVERSION = YES;
				CLANG_WARN_COMMA = YES;
				CLANG_WARN_CONSTANT_CONVERSION = YES;
				CLANG_WARN_DEPRECATED_OBJC_IMPLEMENTATIONS = YES;
				CLANG_WARN_DIRECT_OBJC_ISA_USAGE = YES_ERROR;
				CLANG_WARN_DOCUMENTATION_COMMENTS = YES;
				CLANG_WARN_EMPTY_BODY = YES;
				CLANG_WARN_ENUM_CONVERSION = YES;
				CLANG_WARN_INFINITE_RECURSION = YES;
				CLANG_WARN_INT_CONVERSION = YES;
				CLANG_WARN_NON_LITERAL_NULL_CONVERSION = YES;
				CLANG_WARN_OBJC_IMPLICIT_RETAIN_SELF = YES;
				CLANG_WARN_OBJC_LITERAL_CONVERSION = YES;
				CLANG_WARN_OBJC_ROOT_CLASS = YES_ERROR;
				CLANG_WARN_RANGE_LOOP_ANALYSIS = YES;
				CLANG_WARN_STRICT_PROTOTYPES = YES;
				CLANG_WARN_SUSPICIOUS_MOVE = YES;
				CLANG_WARN_UNGUARDED_AVAILABILITY = YES_AGGRESSIVE;
				CLANG_WARN_UNREACHABLE_CODE = YES;
				CLANG_WARN__DUPLICATE_METHOD_MATCH = YES;
				COPY_PHASE_STRIP = NO;
				DEBUG_INFORMATION_FORMAT = "dwarf-with-dsym";
				ENABLE_NS_ASSERTIONS = NO;
				ENABLE_STRICT_OBJC_MSGSEND = YES;
				GCC_C_LANGUAGE_STANDARD = gnu11;
				GCC_NO_COMMON_BLOCKS = YES;
				GCC_WARN_64_TO_32_BIT_CONVERSION = YES;
				GCC_WARN_ABOUT_RETURN_TYPE = YES_ERROR;
				GCC_WARN_UNDECLARED_SELECTOR = YES;
				GCC_WARN_UNINITIALIZED_AUTOS = YES_AGGRESSIVE;
				GCC_WARN_UNUSED_FUNCTION = YES;
				GCC_WARN_UNUSED_VARIABLE = YES;
				IPHONEOS_DEPLOYMENT_TARGET = 13.4;
				MTL_ENABLE_DEBUG_INFO = NO;
				MTL_FAST_MATH = YES;
				SDKROOT = iphoneos;
				SWIFT_COMPILATION_MODE = wholemodule;
				SWIFT_OPTIMIZATION_LEVEL = "-O";
				VALIDATE_PRODUCT = YES;
			};
			name = Release;
		};
		02F8A2AD2461DADD00CE8682 /* Debug */ = {
			isa = XCBuildConfiguration;
			buildSettings = {
				ASSETCATALOG_COMPILER_APPICON_NAME = AppIcon;
				CODE_SIGN_STYLE = Automatic;
				DEVELOPMENT_TEAM = YCSFQ3X3F2;
				INFOPLIST_FILE = tilt_measurement/Info.plist;
				LD_RUNPATH_SEARCH_PATHS = (
					"$(inherited)",
					"@executable_path/Frameworks",
				);
				PRODUCT_BUNDLE_IDENTIFIER = "LooseFuzz.tilt-measurement";
				PRODUCT_NAME = "$(TARGET_NAME)";
				SWIFT_VERSION = 5.0;
				TARGETED_DEVICE_FAMILY = "1,2";
			};
			name = Debug;
		};
		02F8A2AE2461DADD00CE8682 /* Release */ = {
			isa = XCBuildConfiguration;
			buildSettings = {
				ASSETCATALOG_COMPILER_APPICON_NAME = AppIcon;
				CODE_SIGN_STYLE = Automatic;
				DEVELOPMENT_TEAM = YCSFQ3X3F2;
				INFOPLIST_FILE = tilt_measurement/Info.plist;
				LD_RUNPATH_SEARCH_PATHS = (
					"$(inherited)",
					"@executable_path/Frameworks",
				);
				PRODUCT_BUNDLE_IDENTIFIER = "LooseFuzz.tilt-measurement";
				PRODUCT_NAME = "$(TARGET_NAME)";
				SWIFT_VERSION = 5.0;
				TARGETED_DEVICE_FAMILY = "1,2";
			};
			name = Release;
		};
/* End XCBuildConfiguration section */

/* Begin XCConfigurationList section */
		02F8A2932461DAD900CE8682 /* Build configuration list for PBXProject "tilt_measurement" */ = {
			isa = XCConfigurationList;
			buildConfigurations = (
				02F8A2AA2461DADD00CE8682 /* Debug */,
				02F8A2AB2461DADD00CE8682 /* Release */,
			);
			defaultConfigurationIsVisible = 0;
			defaultConfigurationName = Release;
		};
		02F8A2AC2461DADD00CE8682 /* Build configuration list for PBXNativeTarget "tilt_measurement" */ = {
			isa = XCConfigurationList;
			buildConfigurations = (
				02F8A2AD2461DADD00CE8682 /* Debug */,
				02F8A2AE2461DADD00CE8682 /* Release */,
			);
			defaultConfigurationIsVisible = 0;
			defaultConfigurationName = Release;
		};
/* End XCConfigurationList section */
	};
	rootObject = 02F8A2902461DAD900CE8682 /* Project object */;
}
